PODS:
  - SnapKit (5.0.1)
  - SwiftLint (0.47.0)

DEPENDENCIES:
  - SnapKit (~> 5.0.0)
  - SwiftLint

SPEC REPOS:
  trunk:
    - SnapKit
    - SwiftLint

SPEC CHECKSUMS:
  SnapKit: 97b92857e3df3a0c71833cce143274bf6ef8e5eb
  SwiftLint: d41cc46a2ae58ac6d9f26954bc89f1d72e71fdef

PODFILE CHECKSUM: 81dbcaf3ef77306a91dce69bd652659aa5de6763

COCOAPODS: 1.11.3
