// !$*UTF8*$!
{
	archiveVersion = 1;
	classes = {
	};
	objectVersion = 55;
	objects = {

/* Begin PBXBuildFile section */
		300442CC28A99CC5007FF20B /* RecentProductViewController.swift in Sources */ = {isa = PBXBuildFile; fileRef = 300442CB28A99CC5007FF20B /* RecentProductViewController.swift */; };
		300442CF28AB81A6007FF20B /* NetworkProvider.swift in Sources */ = {isa = PBXBuildFile; fileRef = 300442CE28AB81A6007FF20B /* NetworkProvider.swift */; };
		300442D128ABC98C007FF20B /* URLSession.swift in Sources */ = {isa = PBXBuildFile; fileRef = 300442D028ABC98C007FF20B /* URLSession.swift */; };
		300442D528ABCFBA007FF20B /* HTTPMethod.swift in Sources */ = {isa = PBXBuildFile; fileRef = 300442D428ABCFBA007FF20B /* HTTPMethod.swift */; };
		300442D728ABCFCB007FF20B /* EndPoint.swift in Sources */ = {isa = PBXBuildFile; fileRef = 300442D628ABCFCB007FF20B /* EndPoint.swift */; };
		304511C528CDB362006D4658 /* ManagementView.swift in Sources */ = {isa = PBXBuildFile; fileRef = 304511C428CDB362006D4658 /* ManagementView.swift */; };
		304511C928CDCBFD006D4658 /* MenegementCoordinator.swift in Sources */ = {isa = PBXBuildFile; fileRef = 304511C828CDCBFD006D4658 /* MenegementCoordinator.swift */; };
		304511CC28CDDC3F006D4658 /* RegistrationViewController.swift in Sources */ = {isa = PBXBuildFile; fileRef = 304511CB28CDDC3F006D4658 /* RegistrationViewController.swift */; };
		304754C328D09E0900D88CB7 /* MalrangMarketRepositoryProtocol.swift in Sources */ = {isa = PBXBuildFile; fileRef = 304754C228D09E0900D88CB7 /* MalrangMarketRepositoryProtocol.swift */; };
		304754C528D0B04400D88CB7 /* UIImage+Sugar.swift in Sources */ = {isa = PBXBuildFile; fileRef = 304754C428D0B04400D88CB7 /* UIImage+Sugar.swift */; };
		304754C828D0E10300D88CB7 /* EditViewController.swift in Sources */ = {isa = PBXBuildFile; fileRef = 304754C728D0E10300D88CB7 /* EditViewController.swift */; };
		304754CB28D322E500D88CB7 /* Notification.swift in Sources */ = {isa = PBXBuildFile; fileRef = 304754CA28D322E500D88CB7 /* Notification.swift */; };
		304754D128D32CEB00D88CB7 /* ProductSearchControl.swift in Sources */ = {isa = PBXBuildFile; fileRef = 304754D028D32CEB00D88CB7 /* ProductSearchControl.swift */; };
		304754D428D348F400D88CB7 /* SearchedProductCell.swift in Sources */ = {isa = PBXBuildFile; fileRef = 304754D328D348F300D88CB7 /* SearchedProductCell.swift */; };
		304754D628D3502F00D88CB7 /* SearchResultViewController.swift in Sources */ = {isa = PBXBuildFile; fileRef = 304754D528D3502F00D88CB7 /* SearchResultViewController.swift */; };
		3049244628BF741B0026F5BC /* NSMutableAttributedString+Sugar.swift in Sources */ = {isa = PBXBuildFile; fileRef = 3049244528BF741B0026F5BC /* NSMutableAttributedString+Sugar.swift */; };
		3049244A28BFCF850026F5BC /* ProductInfomation.swift in Sources */ = {isa = PBXBuildFile; fileRef = 3049244928BFCF850026F5BC /* ProductInfomation.swift */; };
		3049244C28C0A58B0026F5BC /* DetailInfomationView.swift in Sources */ = {isa = PBXBuildFile; fileRef = 3049244B28C0A58B0026F5BC /* DetailInfomationView.swift */; };
		3049244E28C20B660026F5BC /* PagingImageCollectionView.swift in Sources */ = {isa = PBXBuildFile; fileRef = 3049244D28C20B660026F5BC /* PagingImageCollectionView.swift */; };
		3049245228C21AD40026F5BC /* ProductImageCell.swift in Sources */ = {isa = PBXBuildFile; fileRef = 3049245128C21AD40026F5BC /* ProductImageCell.swift */; };
		30BA5FBB28CF59FF00D109BC /* ManagementViewModel.swift in Sources */ = {isa = PBXBuildFile; fileRef = 30BA5FBA28CF59FF00D109BC /* ManagementViewModel.swift */; };
		30C958FB28C2333400C802DA /* PagingCollectionViewFlowLayout.swift in Sources */ = {isa = PBXBuildFile; fileRef = 30C958FA28C2333400C802DA /* PagingCollectionViewFlowLayout.swift */; };
		30C958FD28C25E2400C802DA /* AlertBuilder.swift in Sources */ = {isa = PBXBuildFile; fileRef = 30C958FC28C25E2400C802DA /* AlertBuilder.swift */; };
		30C9590828C657A200C802DA /* InputError.swift in Sources */ = {isa = PBXBuildFile; fileRef = 30C9590728C657A200C802DA /* InputError.swift */; };
		30C9590A28C65D1F00C802DA /* RandomProductListCell.swift in Sources */ = {isa = PBXBuildFile; fileRef = 30C9590928C65D1F00C802DA /* RandomProductListCell.swift */; };
		30C9590C28C756D200C802DA /* CALayer+Sugar.swift in Sources */ = {isa = PBXBuildFile; fileRef = 30C9590B28C756D200C802DA /* CALayer+Sugar.swift */; };
		30E7A2BF28ABDA8500396255 /* NetworkError.swift in Sources */ = {isa = PBXBuildFile; fileRef = 30E7A2BE28ABDA8500396255 /* NetworkError.swift */; };
		30E7A2C128AC227500396255 /* Data+Sugar.swift in Sources */ = {isa = PBXBuildFile; fileRef = 30E7A2C028AC227500396255 /* Data+Sugar.swift */; };
		30E7A2C428AC23C400396255 /* Json.swift in Sources */ = {isa = PBXBuildFile; fileRef = 30E7A2C328AC23C400396255 /* Json.swift */; };
		30E7A2C728ACD86A00396255 /* ProductList.swift in Sources */ = {isa = PBXBuildFile; fileRef = 30E7A2C628ACD86A00396255 /* ProductList.swift */; };
		30E7A2C928ACDAC800396255 /* ProductDetail.swift in Sources */ = {isa = PBXBuildFile; fileRef = 30E7A2C828ACDAC800396255 /* ProductDetail.swift */; };
		30E7A2CE28ACEBC700396255 /* MockURLSessionTest.swift in Sources */ = {isa = PBXBuildFile; fileRef = 30E7A2CD28ACEBC700396255 /* MockURLSessionTest.swift */; };
		30E7A2D128ACEBE500396255 /* MockURLSession.swift in Sources */ = {isa = PBXBuildFile; fileRef = 30E7A2D028ACEBE500396255 /* MockURLSession.swift */; };
		30E7A2E528B0E05000396255 /* Requestable.swift in Sources */ = {isa = PBXBuildFile; fileRef = 30E7A2E428B0E05000396255 /* Requestable.swift */; };
		30E7A2E728B0F59600396255 /* ProductRequest.swift in Sources */ = {isa = PBXBuildFile; fileRef = 30E7A2E628B0F59600396255 /* ProductRequest.swift */; };
		30E7A2E928B1314600396255 /* EndPointStorage.swift in Sources */ = {isa = PBXBuildFile; fileRef = 30E7A2E828B1314600396255 /* EndPointStorage.swift */; };
		30E7A2EB28B219D200396255 /* Encodable+Sugar.swift in Sources */ = {isa = PBXBuildFile; fileRef = 30E7A2EA28B219D200396255 /* Encodable+Sugar.swift */; };
		30E7A2ED28B2333800396255 /* UserInfomation.swift in Sources */ = {isa = PBXBuildFile; fileRef = 30E7A2EC28B2333800396255 /* UserInfomation.swift */; };
		30E7A2EF28B271E000396255 /* MalrangMarketRepository.swift in Sources */ = {isa = PBXBuildFile; fileRef = 30E7A2EE28B271E000396255 /* MalrangMarketRepository.swift */; };
		30E7A2F628B2812100396255 /* Usecase.swift in Sources */ = {isa = PBXBuildFile; fileRef = 30E7A2F528B2812100396255 /* Usecase.swift */; };
		30E7A2FB28B3736200396255 /* Page.swift in Sources */ = {isa = PBXBuildFile; fileRef = 30E7A2FA28B3736200396255 /* Page.swift */; };
		30E7A2FD28B3799D00396255 /* RandomProductViewController.swift in Sources */ = {isa = PBXBuildFile; fileRef = 30E7A2FC28B3799D00396255 /* RandomProductViewController.swift */; };
		30E7A30028B39BBE00396255 /* RecentProductListCell.swift in Sources */ = {isa = PBXBuildFile; fileRef = 30E7A2FF28B39BBE00396255 /* RecentProductListCell.swift */; };
		30E7A30228B403A200396255 /* UIStackView+Sugar.swift in Sources */ = {isa = PBXBuildFile; fileRef = 30E7A30128B403A200396255 /* UIStackView+Sugar.swift */; };
		30E7A30428B5203900396255 /* Formatter.swift in Sources */ = {isa = PBXBuildFile; fileRef = 30E7A30328B5203900396255 /* Formatter.swift */; };
		30E7A30628B6832C00396255 /* Int+Sugar.swift in Sources */ = {isa = PBXBuildFile; fileRef = 30E7A30528B6832B00396255 /* Int+Sugar.swift */; };
		30E7A30828B6847E00396255 /* String+Sugar.swift in Sources */ = {isa = PBXBuildFile; fileRef = 30E7A30728B6847E00396255 /* String+Sugar.swift */; };
		30E7A30A28B6849500396255 /* Date+Sugar.swift in Sources */ = {isa = PBXBuildFile; fileRef = 30E7A30928B6849500396255 /* Date+Sugar.swift */; };
		30E7A30D28B6942400396255 /* DetailViewCoordinator.swift in Sources */ = {isa = PBXBuildFile; fileRef = 30E7A30C28B6942400396255 /* DetailViewCoordinator.swift */; };
		30E7A31228B694BD00396255 /* DetailViewController.swift in Sources */ = {isa = PBXBuildFile; fileRef = 30E7A31128B694BD00396255 /* DetailViewController.swift */; };
		30E7A31428B69DAC00396255 /* DetailViewModel.swift in Sources */ = {isa = PBXBuildFile; fileRef = 30E7A31328B69DAC00396255 /* DetailViewModel.swift */; };
		30F68FE4289AB0AA0056C7FC /* AppDelegate.swift in Sources */ = {isa = PBXBuildFile; fileRef = 30F68FE3289AB0AA0056C7FC /* AppDelegate.swift */; };
		30F68FE6289AB0AA0056C7FC /* SceneDelegate.swift in Sources */ = {isa = PBXBuildFile; fileRef = 30F68FE5289AB0AA0056C7FC /* SceneDelegate.swift */; };
		30F68FE8289AB0AA0056C7FC /* MainViewController.swift in Sources */ = {isa = PBXBuildFile; fileRef = 30F68FE7289AB0AA0056C7FC /* MainViewController.swift */; };
		30F68FED289AB0AA0056C7FC /* Assets.xcassets in Resources */ = {isa = PBXBuildFile; fileRef = 30F68FEC289AB0AA0056C7FC /* Assets.xcassets */; };
		30F68FF0289AB0AA0056C7FC /* LaunchScreen.storyboard in Resources */ = {isa = PBXBuildFile; fileRef = 30F68FEE289AB0AA0056C7FC /* LaunchScreen.storyboard */; };
		30F68FFB289AB0AA0056C7FC /* ios_malrang_marketTests.swift in Sources */ = {isa = PBXBuildFile; fileRef = 30F68FFA289AB0AA0056C7FC /* ios_malrang_marketTests.swift */; };
		30F69005289AB0AA0056C7FC /* ios_malrang_marketUITests.swift in Sources */ = {isa = PBXBuildFile; fileRef = 30F69004289AB0AA0056C7FC /* ios_malrang_marketUITests.swift */; };
		30F69007289AB0AA0056C7FC /* ios_malrang_marketUITestsLaunchTests.swift in Sources */ = {isa = PBXBuildFile; fileRef = 30F69006289AB0AA0056C7FC /* ios_malrang_marketUITestsLaunchTests.swift */; };
		30F69017289AB20B0056C7FC /* .swiftlint.yml in Resources */ = {isa = PBXBuildFile; fileRef = 30F69016289AB20B0056C7FC /* .swiftlint.yml */; };
		30F69018289AB20B0056C7FC /* .swiftlint.yml in Resources */ = {isa = PBXBuildFile; fileRef = 30F69016289AB20B0056C7FC /* .swiftlint.yml */; };
		30F69019289AB20B0056C7FC /* .swiftlint.yml in Resources */ = {isa = PBXBuildFile; fileRef = 30F69016289AB20B0056C7FC /* .swiftlint.yml */; };
		30F6902E289FCCB80056C7FC /* MainViewCoordinator.swift in Sources */ = {isa = PBXBuildFile; fileRef = 30F6902D289FCCB80056C7FC /* MainViewCoordinator.swift */; };
		30F69030289FCF9A0056C7FC /* AppCoordinator.swift in Sources */ = {isa = PBXBuildFile; fileRef = 30F6902F289FCF9A0056C7FC /* AppCoordinator.swift */; };
		30F6903828A3EFEA0056C7FC /* UnderlineSegmentControl.swift in Sources */ = {isa = PBXBuildFile; fileRef = 30F6903728A3EFEA0056C7FC /* UnderlineSegmentControl.swift */; };
		30F6903F28A443040056C7FC /* UIView+Sugar.swift in Sources */ = {isa = PBXBuildFile; fileRef = 30F6903E28A443040056C7FC /* UIView+Sugar.swift */; };
		30F6904128A578800056C7FC /* SegmentView.swift in Sources */ = {isa = PBXBuildFile; fileRef = 30F6904028A578800056C7FC /* SegmentView.swift */; };
		30F6904528A58C0D0056C7FC /* PageViewController.swift in Sources */ = {isa = PBXBuildFile; fileRef = 30F6904428A58C0D0056C7FC /* PageViewController.swift */; };
		30F6904828A678840056C7FC /* MainViewModel.swift in Sources */ = {isa = PBXBuildFile; fileRef = 30F6904728A678840056C7FC /* MainViewModel.swift */; };
		30F6904F28A930930056C7FC /* AddButton.swift in Sources */ = {isa = PBXBuildFile; fileRef = 30F6904E28A930930056C7FC /* AddButton.swift */; };
		9B8C45B63C1BDF4282B59BE0 /* Pods_ios_malrang_market_ios_malrang_marketUITests.framework in Frameworks */ = {isa = PBXBuildFile; fileRef = 7A5F98799D2F08C8BAD4B043 /* Pods_ios_malrang_market_ios_malrang_marketUITests.framework */; };
		B8F4660BE242D1CE2EE51A07 /* Pods_ios_malrang_market.framework in Frameworks */ = {isa = PBXBuildFile; fileRef = 0AEEE333137F8D3F6D38B457 /* Pods_ios_malrang_market.framework */; };
		D9D6E8351D75DDA61C60FCAC /* Pods_ios_malrang_marketTests.framework in Frameworks */ = {isa = PBXBuildFile; fileRef = 94F45B096B702857EEBB1E54 /* Pods_ios_malrang_marketTests.framework */; };
/* End PBXBuildFile section */

/* Begin PBXContainerItemProxy section */
		30F68FF7289AB0AA0056C7FC /* PBXContainerItemProxy */ = {
			isa = PBXContainerItemProxy;
			containerPortal = 30F68FD8289AB0AA0056C7FC /* Project object */;
			proxyType = 1;
			remoteGlobalIDString = 30F68FDF289AB0AA0056C7FC;
			remoteInfo = "ios-malrang-market";
		};
		30F69001289AB0AA0056C7FC /* PBXContainerItemProxy */ = {
			isa = PBXContainerItemProxy;
			containerPortal = 30F68FD8289AB0AA0056C7FC /* Project object */;
			proxyType = 1;
			remoteGlobalIDString = 30F68FDF289AB0AA0056C7FC;
			remoteInfo = "ios-malrang-market";
		};
/* End PBXContainerItemProxy section */

/* Begin PBXFileReference section */
		0AEEE333137F8D3F6D38B457 /* Pods_ios_malrang_market.framework */ = {isa = PBXFileReference; explicitFileType = wrapper.framework; includeInIndex = 0; path = Pods_ios_malrang_market.framework; sourceTree = BUILT_PRODUCTS_DIR; };
		1EEBBD002A56C92B9C130640 /* Pods-ios-malrang-market-ios-malrang-marketUITests.release.xcconfig */ = {isa = PBXFileReference; includeInIndex = 1; lastKnownFileType = text.xcconfig; name = "Pods-ios-malrang-market-ios-malrang-marketUITests.release.xcconfig"; path = "Target Support Files/Pods-ios-malrang-market-ios-malrang-marketUITests/Pods-ios-malrang-market-ios-malrang-marketUITests.release.xcconfig"; sourceTree = "<group>"; };
		300442CB28A99CC5007FF20B /* RecentProductViewController.swift */ = {isa = PBXFileReference; lastKnownFileType = sourcecode.swift; path = RecentProductViewController.swift; sourceTree = "<group>"; };
		300442CE28AB81A6007FF20B /* NetworkProvider.swift */ = {isa = PBXFileReference; lastKnownFileType = sourcecode.swift; path = NetworkProvider.swift; sourceTree = "<group>"; };
		300442D028ABC98C007FF20B /* URLSession.swift */ = {isa = PBXFileReference; lastKnownFileType = sourcecode.swift; path = URLSession.swift; sourceTree = "<group>"; };
		300442D428ABCFBA007FF20B /* HTTPMethod.swift */ = {isa = PBXFileReference; lastKnownFileType = sourcecode.swift; path = HTTPMethod.swift; sourceTree = "<group>"; };
		300442D628ABCFCB007FF20B /* EndPoint.swift */ = {isa = PBXFileReference; lastKnownFileType = sourcecode.swift; path = EndPoint.swift; sourceTree = "<group>"; };
		304511C428CDB362006D4658 /* ManagementView.swift */ = {isa = PBXFileReference; lastKnownFileType = sourcecode.swift; path = ManagementView.swift; sourceTree = "<group>"; };
		304511C828CDCBFD006D4658 /* MenegementCoordinator.swift */ = {isa = PBXFileReference; lastKnownFileType = sourcecode.swift; path = MenegementCoordinator.swift; sourceTree = "<group>"; };
		304511CB28CDDC3F006D4658 /* RegistrationViewController.swift */ = {isa = PBXFileReference; lastKnownFileType = sourcecode.swift; path = RegistrationViewController.swift; sourceTree = "<group>"; };
		304754C228D09E0900D88CB7 /* MalrangMarketRepositoryProtocol.swift */ = {isa = PBXFileReference; lastKnownFileType = sourcecode.swift; path = MalrangMarketRepositoryProtocol.swift; sourceTree = "<group>"; };
		304754C428D0B04400D88CB7 /* UIImage+Sugar.swift */ = {isa = PBXFileReference; lastKnownFileType = sourcecode.swift; path = "UIImage+Sugar.swift"; sourceTree = "<group>"; };
		304754C728D0E10300D88CB7 /* EditViewController.swift */ = {isa = PBXFileReference; lastKnownFileType = sourcecode.swift; path = EditViewController.swift; sourceTree = "<group>"; };
		304754CA28D322E500D88CB7 /* Notification.swift */ = {isa = PBXFileReference; lastKnownFileType = sourcecode.swift; path = Notification.swift; sourceTree = "<group>"; };
		304754D028D32CEB00D88CB7 /* ProductSearchControl.swift */ = {isa = PBXFileReference; lastKnownFileType = sourcecode.swift; path = ProductSearchControl.swift; sourceTree = "<group>"; };
		304754D328D348F300D88CB7 /* SearchedProductCell.swift */ = {isa = PBXFileReference; lastKnownFileType = sourcecode.swift; path = SearchedProductCell.swift; sourceTree = "<group>"; };
		304754D528D3502F00D88CB7 /* SearchResultViewController.swift */ = {isa = PBXFileReference; lastKnownFileType = sourcecode.swift; path = SearchResultViewController.swift; sourceTree = "<group>"; };
		3049244528BF741B0026F5BC /* NSMutableAttributedString+Sugar.swift */ = {isa = PBXFileReference; lastKnownFileType = sourcecode.swift; path = "NSMutableAttributedString+Sugar.swift"; sourceTree = "<group>"; };
		3049244928BFCF850026F5BC /* ProductInfomation.swift */ = {isa = PBXFileReference; lastKnownFileType = sourcecode.swift; path = ProductInfomation.swift; sourceTree = "<group>"; };
		3049244B28C0A58B0026F5BC /* DetailInfomationView.swift */ = {isa = PBXFileReference; lastKnownFileType = sourcecode.swift; path = DetailInfomationView.swift; sourceTree = "<group>"; };
		3049244D28C20B660026F5BC /* PagingImageCollectionView.swift */ = {isa = PBXFileReference; lastKnownFileType = sourcecode.swift; path = PagingImageCollectionView.swift; sourceTree = "<group>"; };
		3049245128C21AD40026F5BC /* ProductImageCell.swift */ = {isa = PBXFileReference; lastKnownFileType = sourcecode.swift; path = ProductImageCell.swift; sourceTree = "<group>"; };
		30BA5FBA28CF59FF00D109BC /* ManagementViewModel.swift */ = {isa = PBXFileReference; lastKnownFileType = sourcecode.swift; path = ManagementViewModel.swift; sourceTree = "<group>"; };
		30C958FA28C2333400C802DA /* PagingCollectionViewFlowLayout.swift */ = {isa = PBXFileReference; lastKnownFileType = sourcecode.swift; path = PagingCollectionViewFlowLayout.swift; sourceTree = "<group>"; };
		30C958FC28C25E2400C802DA /* AlertBuilder.swift */ = {isa = PBXFileReference; lastKnownFileType = sourcecode.swift; path = AlertBuilder.swift; sourceTree = "<group>"; };
		30C9590728C657A200C802DA /* InputError.swift */ = {isa = PBXFileReference; lastKnownFileType = sourcecode.swift; path = InputError.swift; sourceTree = "<group>"; };
		30C9590928C65D1F00C802DA /* RandomProductListCell.swift */ = {isa = PBXFileReference; lastKnownFileType = sourcecode.swift; path = RandomProductListCell.swift; sourceTree = "<group>"; };
		30C9590B28C756D200C802DA /* CALayer+Sugar.swift */ = {isa = PBXFileReference; lastKnownFileType = sourcecode.swift; path = "CALayer+Sugar.swift"; sourceTree = "<group>"; };
		30E7A2BE28ABDA8500396255 /* NetworkError.swift */ = {isa = PBXFileReference; lastKnownFileType = sourcecode.swift; path = NetworkError.swift; sourceTree = "<group>"; };
		30E7A2C028AC227500396255 /* Data+Sugar.swift */ = {isa = PBXFileReference; lastKnownFileType = sourcecode.swift; path = "Data+Sugar.swift"; sourceTree = "<group>"; };
		30E7A2C328AC23C400396255 /* Json.swift */ = {isa = PBXFileReference; lastKnownFileType = sourcecode.swift; path = Json.swift; sourceTree = "<group>"; };
		30E7A2C628ACD86A00396255 /* ProductList.swift */ = {isa = PBXFileReference; lastKnownFileType = sourcecode.swift; path = ProductList.swift; sourceTree = "<group>"; };
		30E7A2C828ACDAC800396255 /* ProductDetail.swift */ = {isa = PBXFileReference; lastKnownFileType = sourcecode.swift; path = ProductDetail.swift; sourceTree = "<group>"; };
		30E7A2CD28ACEBC700396255 /* MockURLSessionTest.swift */ = {isa = PBXFileReference; lastKnownFileType = sourcecode.swift; path = MockURLSessionTest.swift; sourceTree = "<group>"; };
		30E7A2D028ACEBE500396255 /* MockURLSession.swift */ = {isa = PBXFileReference; lastKnownFileType = sourcecode.swift; path = MockURLSession.swift; sourceTree = "<group>"; };
		30E7A2E428B0E05000396255 /* Requestable.swift */ = {isa = PBXFileReference; lastKnownFileType = sourcecode.swift; path = Requestable.swift; sourceTree = "<group>"; };
		30E7A2E628B0F59600396255 /* ProductRequest.swift */ = {isa = PBXFileReference; lastKnownFileType = sourcecode.swift; path = ProductRequest.swift; sourceTree = "<group>"; };
		30E7A2E828B1314600396255 /* EndPointStorage.swift */ = {isa = PBXFileReference; lastKnownFileType = sourcecode.swift; path = EndPointStorage.swift; sourceTree = "<group>"; };
		30E7A2EA28B219D200396255 /* Encodable+Sugar.swift */ = {isa = PBXFileReference; lastKnownFileType = sourcecode.swift; path = "Encodable+Sugar.swift"; sourceTree = "<group>"; };
		30E7A2EC28B2333800396255 /* UserInfomation.swift */ = {isa = PBXFileReference; lastKnownFileType = sourcecode.swift; path = UserInfomation.swift; sourceTree = "<group>"; };
		30E7A2EE28B271E000396255 /* MalrangMarketRepository.swift */ = {isa = PBXFileReference; lastKnownFileType = sourcecode.swift; path = MalrangMarketRepository.swift; sourceTree = "<group>"; };
		30E7A2F528B2812100396255 /* Usecase.swift */ = {isa = PBXFileReference; lastKnownFileType = sourcecode.swift; path = Usecase.swift; sourceTree = "<group>"; };
		30E7A2FA28B3736200396255 /* Page.swift */ = {isa = PBXFileReference; lastKnownFileType = sourcecode.swift; path = Page.swift; sourceTree = "<group>"; };
		30E7A2FC28B3799D00396255 /* RandomProductViewController.swift */ = {isa = PBXFileReference; lastKnownFileType = sourcecode.swift; path = RandomProductViewController.swift; sourceTree = "<group>"; };
		30E7A2FF28B39BBE00396255 /* RecentProductListCell.swift */ = {isa = PBXFileReference; lastKnownFileType = sourcecode.swift; path = RecentProductListCell.swift; sourceTree = "<group>"; };
		30E7A30128B403A200396255 /* UIStackView+Sugar.swift */ = {isa = PBXFileReference; lastKnownFileType = sourcecode.swift; path = "UIStackView+Sugar.swift"; sourceTree = "<group>"; };
		30E7A30328B5203900396255 /* Formatter.swift */ = {isa = PBXFileReference; lastKnownFileType = sourcecode.swift; path = Formatter.swift; sourceTree = "<group>"; };
		30E7A30528B6832B00396255 /* Int+Sugar.swift */ = {isa = PBXFileReference; lastKnownFileType = sourcecode.swift; path = "Int+Sugar.swift"; sourceTree = "<group>"; };
		30E7A30728B6847E00396255 /* String+Sugar.swift */ = {isa = PBXFileReference; lastKnownFileType = sourcecode.swift; path = "String+Sugar.swift"; sourceTree = "<group>"; };
		30E7A30928B6849500396255 /* Date+Sugar.swift */ = {isa = PBXFileReference; lastKnownFileType = sourcecode.swift; path = "Date+Sugar.swift"; sourceTree = "<group>"; };
		30E7A30C28B6942400396255 /* DetailViewCoordinator.swift */ = {isa = PBXFileReference; lastKnownFileType = sourcecode.swift; path = DetailViewCoordinator.swift; sourceTree = "<group>"; };
		30E7A31128B694BD00396255 /* DetailViewController.swift */ = {isa = PBXFileReference; lastKnownFileType = sourcecode.swift; path = DetailViewController.swift; sourceTree = "<group>"; };
		30E7A31328B69DAC00396255 /* DetailViewModel.swift */ = {isa = PBXFileReference; lastKnownFileType = sourcecode.swift; path = DetailViewModel.swift; sourceTree = "<group>"; };
		30F68FE0289AB0AA0056C7FC /* ios-malrang-market.app */ = {isa = PBXFileReference; explicitFileType = wrapper.application; includeInIndex = 0; path = "ios-malrang-market.app"; sourceTree = BUILT_PRODUCTS_DIR; };
		30F68FE3289AB0AA0056C7FC /* AppDelegate.swift */ = {isa = PBXFileReference; lastKnownFileType = sourcecode.swift; path = AppDelegate.swift; sourceTree = "<group>"; };
		30F68FE5289AB0AA0056C7FC /* SceneDelegate.swift */ = {isa = PBXFileReference; lastKnownFileType = sourcecode.swift; path = SceneDelegate.swift; sourceTree = "<group>"; };
		30F68FE7289AB0AA0056C7FC /* MainViewController.swift */ = {isa = PBXFileReference; lastKnownFileType = sourcecode.swift; path = MainViewController.swift; sourceTree = "<group>"; };
		30F68FEC289AB0AA0056C7FC /* Assets.xcassets */ = {isa = PBXFileReference; lastKnownFileType = folder.assetcatalog; path = Assets.xcassets; sourceTree = "<group>"; };
		30F68FEF289AB0AA0056C7FC /* Base */ = {isa = PBXFileReference; lastKnownFileType = file.storyboard; name = Base; path = Base.lproj/LaunchScreen.storyboard; sourceTree = "<group>"; };
		30F68FF1289AB0AA0056C7FC /* Info.plist */ = {isa = PBXFileReference; lastKnownFileType = text.plist.xml; path = Info.plist; sourceTree = "<group>"; };
		30F68FF6289AB0AA0056C7FC /* ios-malrang-marketTests.xctest */ = {isa = PBXFileReference; explicitFileType = wrapper.cfbundle; includeInIndex = 0; path = "ios-malrang-marketTests.xctest"; sourceTree = BUILT_PRODUCTS_DIR; };
		30F68FFA289AB0AA0056C7FC /* ios_malrang_marketTests.swift */ = {isa = PBXFileReference; lastKnownFileType = sourcecode.swift; path = ios_malrang_marketTests.swift; sourceTree = "<group>"; };
		30F69000289AB0AA0056C7FC /* ios-malrang-marketUITests.xctest */ = {isa = PBXFileReference; explicitFileType = wrapper.cfbundle; includeInIndex = 0; path = "ios-malrang-marketUITests.xctest"; sourceTree = BUILT_PRODUCTS_DIR; };
		30F69004289AB0AA0056C7FC /* ios_malrang_marketUITests.swift */ = {isa = PBXFileReference; lastKnownFileType = sourcecode.swift; path = ios_malrang_marketUITests.swift; sourceTree = "<group>"; };
		30F69006289AB0AA0056C7FC /* ios_malrang_marketUITestsLaunchTests.swift */ = {isa = PBXFileReference; lastKnownFileType = sourcecode.swift; path = ios_malrang_marketUITestsLaunchTests.swift; sourceTree = "<group>"; };
		30F69016289AB20B0056C7FC /* .swiftlint.yml */ = {isa = PBXFileReference; lastKnownFileType = text.yaml; path = .swiftlint.yml; sourceTree = "<group>"; };
		30F6902D289FCCB80056C7FC /* MainViewCoordinator.swift */ = {isa = PBXFileReference; lastKnownFileType = sourcecode.swift; path = MainViewCoordinator.swift; sourceTree = "<group>"; };
		30F6902F289FCF9A0056C7FC /* AppCoordinator.swift */ = {isa = PBXFileReference; lastKnownFileType = sourcecode.swift; path = AppCoordinator.swift; sourceTree = "<group>"; };
		30F6903728A3EFEA0056C7FC /* UnderlineSegmentControl.swift */ = {isa = PBXFileReference; lastKnownFileType = sourcecode.swift; path = UnderlineSegmentControl.swift; sourceTree = "<group>"; };
		30F6903E28A443040056C7FC /* UIView+Sugar.swift */ = {isa = PBXFileReference; lastKnownFileType = sourcecode.swift; path = "UIView+Sugar.swift"; sourceTree = "<group>"; };
		30F6904028A578800056C7FC /* SegmentView.swift */ = {isa = PBXFileReference; lastKnownFileType = sourcecode.swift; path = SegmentView.swift; sourceTree = "<group>"; };
		30F6904428A58C0D0056C7FC /* PageViewController.swift */ = {isa = PBXFileReference; lastKnownFileType = sourcecode.swift; path = PageViewController.swift; sourceTree = "<group>"; };
		30F6904728A678840056C7FC /* MainViewModel.swift */ = {isa = PBXFileReference; lastKnownFileType = sourcecode.swift; path = MainViewModel.swift; sourceTree = "<group>"; };
		30F6904E28A930930056C7FC /* AddButton.swift */ = {isa = PBXFileReference; lastKnownFileType = sourcecode.swift; path = AddButton.swift; sourceTree = "<group>"; };
		3FA8D5EC518A37EB6E8F1F9A /* Pods-ios-malrang-market.release.xcconfig */ = {isa = PBXFileReference; includeInIndex = 1; lastKnownFileType = text.xcconfig; name = "Pods-ios-malrang-market.release.xcconfig"; path = "Target Support Files/Pods-ios-malrang-market/Pods-ios-malrang-market.release.xcconfig"; sourceTree = "<group>"; };
		54D2D4FC17CC73F11AB1F4FE /* Pods-ios-malrang-marketTests.debug.xcconfig */ = {isa = PBXFileReference; includeInIndex = 1; lastKnownFileType = text.xcconfig; name = "Pods-ios-malrang-marketTests.debug.xcconfig"; path = "Target Support Files/Pods-ios-malrang-marketTests/Pods-ios-malrang-marketTests.debug.xcconfig"; sourceTree = "<group>"; };
		7A5F98799D2F08C8BAD4B043 /* Pods_ios_malrang_market_ios_malrang_marketUITests.framework */ = {isa = PBXFileReference; explicitFileType = wrapper.framework; includeInIndex = 0; path = Pods_ios_malrang_market_ios_malrang_marketUITests.framework; sourceTree = BUILT_PRODUCTS_DIR; };
		94F45B096B702857EEBB1E54 /* Pods_ios_malrang_marketTests.framework */ = {isa = PBXFileReference; explicitFileType = wrapper.framework; includeInIndex = 0; path = Pods_ios_malrang_marketTests.framework; sourceTree = BUILT_PRODUCTS_DIR; };
		9A1D1787048934FC842D3F7D /* Pods-ios-malrang-market-ios-malrang-marketUITests.debug.xcconfig */ = {isa = PBXFileReference; includeInIndex = 1; lastKnownFileType = text.xcconfig; name = "Pods-ios-malrang-market-ios-malrang-marketUITests.debug.xcconfig"; path = "Target Support Files/Pods-ios-malrang-market-ios-malrang-marketUITests/Pods-ios-malrang-market-ios-malrang-marketUITests.debug.xcconfig"; sourceTree = "<group>"; };
		AFB25DA214ED8399C985743C /* Pods-ios-malrang-marketTests.release.xcconfig */ = {isa = PBXFileReference; includeInIndex = 1; lastKnownFileType = text.xcconfig; name = "Pods-ios-malrang-marketTests.release.xcconfig"; path = "Target Support Files/Pods-ios-malrang-marketTests/Pods-ios-malrang-marketTests.release.xcconfig"; sourceTree = "<group>"; };
		B896ADE7D6804CF5AABF6FDB /* Pods-ios-malrang-market.debug.xcconfig */ = {isa = PBXFileReference; includeInIndex = 1; lastKnownFileType = text.xcconfig; name = "Pods-ios-malrang-market.debug.xcconfig"; path = "Target Support Files/Pods-ios-malrang-market/Pods-ios-malrang-market.debug.xcconfig"; sourceTree = "<group>"; };
/* End PBXFileReference section */

/* Begin PBXFrameworksBuildPhase section */
		30F68FDD289AB0AA0056C7FC /* Frameworks */ = {
			isa = PBXFrameworksBuildPhase;
			buildActionMask = 2147483647;
			files = (
				B8F4660BE242D1CE2EE51A07 /* Pods_ios_malrang_market.framework in Frameworks */,
			);
			runOnlyForDeploymentPostprocessing = 0;
		};
		30F68FF3289AB0AA0056C7FC /* Frameworks */ = {
			isa = PBXFrameworksBuildPhase;
			buildActionMask = 2147483647;
			files = (
				D9D6E8351D75DDA61C60FCAC /* Pods_ios_malrang_marketTests.framework in Frameworks */,
			);
			runOnlyForDeploymentPostprocessing = 0;
		};
		30F68FFD289AB0AA0056C7FC /* Frameworks */ = {
			isa = PBXFrameworksBuildPhase;
			buildActionMask = 2147483647;
			files = (
				9B8C45B63C1BDF4282B59BE0 /* Pods_ios_malrang_market_ios_malrang_marketUITests.framework in Frameworks */,
			);
			runOnlyForDeploymentPostprocessing = 0;
		};
/* End PBXFrameworksBuildPhase section */

/* Begin PBXGroup section */
		300442CD28AB8167007FF20B /* Network */ = {
			isa = PBXGroup;
			children = (
				300442CE28AB81A6007FF20B /* NetworkProvider.swift */,
				30E7A2BE28ABDA8500396255 /* NetworkError.swift */,
				30E7A2E428B0E05000396255 /* Requestable.swift */,
				300442D428ABCFBA007FF20B /* HTTPMethod.swift */,
				300442D628ABCFCB007FF20B /* EndPoint.swift */,
				30E7A2E828B1314600396255 /* EndPointStorage.swift */,
			);
			path = Network;
			sourceTree = "<group>";
		};
		304511C328CDB32E006D4658 /* Managing */ = {
			isa = PBXGroup;
			children = (
				30BA5FB928CF59EF00D109BC /* Presenter */,
				304511C628CDCADA006D4658 /* View */,
			);
			path = Managing;
			sourceTree = "<group>";
		};
		304511C628CDCADA006D4658 /* View */ = {
			isa = PBXGroup;
			children = (
				304511C428CDB362006D4658 /* ManagementView.swift */,
				304511CA28CDDC21006D4658 /* Registration */,
				304754C628D0E0E300D88CB7 /* Edit */,
			);
			path = View;
			sourceTree = "<group>";
		};
		304511CA28CDDC21006D4658 /* Registration */ = {
			isa = PBXGroup;
			children = (
				304511CB28CDDC3F006D4658 /* RegistrationViewController.swift */,
			);
			path = Registration;
			sourceTree = "<group>";
		};
		304754C628D0E0E300D88CB7 /* Edit */ = {
			isa = PBXGroup;
			children = (
				304754C728D0E10300D88CB7 /* EditViewController.swift */,
			);
			path = Edit;
			sourceTree = "<group>";
		};
		304754C928D322CF00D88CB7 /* Protocol */ = {
			isa = PBXGroup;
			children = (
				304754CA28D322E500D88CB7 /* Notification.swift */,
			);
			path = Protocol;
			sourceTree = "<group>";
		};
		304754CF28D32CCD00D88CB7 /* SearchControl */ = {
			isa = PBXGroup;
			children = (
				304754D028D32CEB00D88CB7 /* ProductSearchControl.swift */,
				304754D528D3502F00D88CB7 /* SearchResultViewController.swift */,
				304754D228D348CE00D88CB7 /* Cell */,
			);
			path = SearchControl;
			sourceTree = "<group>";
		};
		304754D228D348CE00D88CB7 /* Cell */ = {
			isa = PBXGroup;
			children = (
				304754D328D348F300D88CB7 /* SearchedProductCell.swift */,
			);
			path = Cell;
			sourceTree = "<group>";
		};
		3049243C28B7A9E60026F5BC /* Component */ = {
			isa = PBXGroup;
			children = (
				30F6904E28A930930056C7FC /* AddButton.swift */,
			);
			path = Component;
			sourceTree = "<group>";
		};
		3049244F28C20B6B0026F5BC /* PagingImageView */ = {
			isa = PBXGroup;
			children = (
				3049244D28C20B660026F5BC /* PagingImageCollectionView.swift */,
				30C958FA28C2333400C802DA /* PagingCollectionViewFlowLayout.swift */,
				3049245028C20B7D0026F5BC /* Cell */,
			);
			path = PagingImageView;
			sourceTree = "<group>";
		};
		3049245028C20B7D0026F5BC /* Cell */ = {
			isa = PBXGroup;
			children = (
				3049245128C21AD40026F5BC /* ProductImageCell.swift */,
			);
			path = Cell;
			sourceTree = "<group>";
		};
		30BA5FB928CF59EF00D109BC /* Presenter */ = {
			isa = PBXGroup;
			children = (
				30BA5FBA28CF59FF00D109BC /* ManagementViewModel.swift */,
			);
			path = Presenter;
			sourceTree = "<group>";
		};
		30C958FE28C35C0000C802DA /* Model */ = {
			isa = PBXGroup;
			children = (
				3049244928BFCF850026F5BC /* ProductInfomation.swift */,
			);
			path = Model;
			sourceTree = "<group>";
		};
		30C9590628C6579500C802DA /* Error */ = {
			isa = PBXGroup;
			children = (
				30C9590728C657A200C802DA /* InputError.swift */,
			);
			path = Error;
			sourceTree = "<group>";
		};
		30E7A2C228AC239E00396255 /* Singleton */ = {
			isa = PBXGroup;
			children = (
				30E7A2C328AC23C400396255 /* Json.swift */,
				30E7A30328B5203900396255 /* Formatter.swift */,
				30C958FC28C25E2400C802DA /* AlertBuilder.swift */,
			);
			path = Singleton;
			sourceTree = "<group>";
		};
		30E7A2C528ACD83600396255 /* Entity */ = {
			isa = PBXGroup;
			children = (
				30E7A2C628ACD86A00396255 /* ProductList.swift */,
				30E7A2C828ACDAC800396255 /* ProductDetail.swift */,
				30E7A2E628B0F59600396255 /* ProductRequest.swift */,
				30E7A2EC28B2333800396255 /* UserInfomation.swift */,
			);
			path = Entity;
			sourceTree = "<group>";
		};
		30E7A2CF28ACEBCE00396255 /* URLSessionTest */ = {
			isa = PBXGroup;
			children = (
				30E7A2D028ACEBE500396255 /* MockURLSession.swift */,
				30E7A2CD28ACEBC700396255 /* MockURLSessionTest.swift */,
			);
			path = URLSessionTest;
			sourceTree = "<group>";
		};
		30E7A2D428AD4DD700396255 /* Data */ = {
			isa = PBXGroup;
			children = (
				30E7A2D528AD4DE600396255 /* Repository */,
				300442CD28AB8167007FF20B /* Network */,
			);
			path = Data;
			sourceTree = "<group>";
		};
		30E7A2D528AD4DE600396255 /* Repository */ = {
			isa = PBXGroup;
			children = (
				30E7A2EE28B271E000396255 /* MalrangMarketRepository.swift */,
			);
			path = Repository;
			sourceTree = "<group>";
		};
		30E7A2D828AD4E2E00396255 /* Domain */ = {
			isa = PBXGroup;
			children = (
				30E7A2F428B2810F00396255 /* Usecases */,
				30E7A2D928AD4E4100396255 /* Interfaces */,
				30E7A2C528ACD83600396255 /* Entity */,
			);
			path = Domain;
			sourceTree = "<group>";
		};
		30E7A2D928AD4E4100396255 /* Interfaces */ = {
			isa = PBXGroup;
			children = (
				304754C228D09E0900D88CB7 /* MalrangMarketRepositoryProtocol.swift */,
			);
			path = Interfaces;
			sourceTree = "<group>";
		};
		30E7A2F428B2810F00396255 /* Usecases */ = {
			isa = PBXGroup;
			children = (
				30E7A2F528B2812100396255 /* Usecase.swift */,
			);
			path = Usecases;
			sourceTree = "<group>";
		};
		30E7A2F928B3734A00396255 /* PageView */ = {
			isa = PBXGroup;
			children = (
				30E7A2FA28B3736200396255 /* Page.swift */,
				30F6904428A58C0D0056C7FC /* PageViewController.swift */,
				30F6904628A58C380056C7FC /* PageContentView */,
			);
			path = PageView;
			sourceTree = "<group>";
		};
		30E7A2FE28B3939F00396255 /* Cell */ = {
			isa = PBXGroup;
			children = (
				30E7A2FF28B39BBE00396255 /* RecentProductListCell.swift */,
				30C9590928C65D1F00C802DA /* RandomProductListCell.swift */,
			);
			path = Cell;
			sourceTree = "<group>";
		};
		30E7A30E28B6946D00396255 /* Detail */ = {
			isa = PBXGroup;
			children = (
				30C958FE28C35C0000C802DA /* Model */,
				30E7A31028B6949B00396255 /* Presenter */,
				30E7A30F28B6948600396255 /* View */,
			);
			path = Detail;
			sourceTree = "<group>";
		};
		30E7A30F28B6948600396255 /* View */ = {
			isa = PBXGroup;
			children = (
				30E7A31128B694BD00396255 /* DetailViewController.swift */,
				3049244F28C20B6B0026F5BC /* PagingImageView */,
				3049244B28C0A58B0026F5BC /* DetailInfomationView.swift */,
			);
			path = View;
			sourceTree = "<group>";
		};
		30E7A31028B6949B00396255 /* Presenter */ = {
			isa = PBXGroup;
			children = (
				30E7A31328B69DAC00396255 /* DetailViewModel.swift */,
			);
			path = Presenter;
			sourceTree = "<group>";
		};
		30F68FD7289AB0AA0056C7FC = {
			isa = PBXGroup;
			children = (
				30F69016289AB20B0056C7FC /* .swiftlint.yml */,
				30F68FE2289AB0AA0056C7FC /* ios-malrang-market */,
				30F68FF9289AB0AA0056C7FC /* ios-malrang-marketTests */,
				30F69003289AB0AA0056C7FC /* ios-malrang-marketUITests */,
				30F68FE1289AB0AA0056C7FC /* Products */,
				E8AC81D0A2415236880D2C46 /* Pods */,
				EFD0C567E90618BA54806A3A /* Frameworks */,
			);
			sourceTree = "<group>";
		};
		30F68FE1289AB0AA0056C7FC /* Products */ = {
			isa = PBXGroup;
			children = (
				30F68FE0289AB0AA0056C7FC /* ios-malrang-market.app */,
				30F68FF6289AB0AA0056C7FC /* ios-malrang-marketTests.xctest */,
				30F69000289AB0AA0056C7FC /* ios-malrang-marketUITests.xctest */,
			);
			name = Products;
			sourceTree = "<group>";
		};
		30F68FE2289AB0AA0056C7FC /* ios-malrang-market */ = {
			isa = PBXGroup;
			children = (
				30F68FF1289AB0AA0056C7FC /* Info.plist */,
				30F6901A289ADFBB0056C7FC /* Application */,
				30F6901B289ADFD90056C7FC /* Resource */,
				30F6901C289ADFE60056C7FC /* SupportingFiles */,
				30E7A2D828AD4E2E00396255 /* Domain */,
				30F69025289E7F570056C7FC /* Presentation */,
				30E7A2D428AD4DD700396255 /* Data */,
				30F6903928A3FC110056C7FC /* Utils */,
			);
			path = "ios-malrang-market";
			sourceTree = "<group>";
		};
		30F68FF9289AB0AA0056C7FC /* ios-malrang-marketTests */ = {
			isa = PBXGroup;
			children = (
				30F68FFA289AB0AA0056C7FC /* ios_malrang_marketTests.swift */,
				30E7A2CF28ACEBCE00396255 /* URLSessionTest */,
			);
			path = "ios-malrang-marketTests";
			sourceTree = "<group>";
		};
		30F69003289AB0AA0056C7FC /* ios-malrang-marketUITests */ = {
			isa = PBXGroup;
			children = (
				30F69004289AB0AA0056C7FC /* ios_malrang_marketUITests.swift */,
				30F69006289AB0AA0056C7FC /* ios_malrang_marketUITestsLaunchTests.swift */,
			);
			path = "ios-malrang-marketUITests";
			sourceTree = "<group>";
		};
		30F6901A289ADFBB0056C7FC /* Application */ = {
			isa = PBXGroup;
			children = (
				30F68FE3289AB0AA0056C7FC /* AppDelegate.swift */,
				30F68FE5289AB0AA0056C7FC /* SceneDelegate.swift */,
				30F6902F289FCF9A0056C7FC /* AppCoordinator.swift */,
			);
			path = Application;
			sourceTree = "<group>";
		};
		30F6901B289ADFD90056C7FC /* Resource */ = {
			isa = PBXGroup;
			children = (
				30F68FEC289AB0AA0056C7FC /* Assets.xcassets */,
			);
			path = Resource;
			sourceTree = "<group>";
		};
		30F6901C289ADFE60056C7FC /* SupportingFiles */ = {
			isa = PBXGroup;
			children = (
				30F68FEE289AB0AA0056C7FC /* LaunchScreen.storyboard */,
			);
			path = SupportingFiles;
			sourceTree = "<group>";
		};
		30F69025289E7F570056C7FC /* Presentation */ = {
			isa = PBXGroup;
			children = (
				30C9590628C6579500C802DA /* Error */,
				30F69029289E81A30056C7FC /* Coordinator */,
				3049243C28B7A9E60026F5BC /* Component */,
				30F69026289E7FF70056C7FC /* Main */,
				30E7A30E28B6946D00396255 /* Detail */,
				304511C328CDB32E006D4658 /* Managing */,
			);
			path = Presentation;
			sourceTree = "<group>";
		};
		30F69026289E7FF70056C7FC /* Main */ = {
			isa = PBXGroup;
			children = (
				30F69028289E80270056C7FC /* Presenter */,
				30F69027289E80160056C7FC /* View */,
			);
			path = Main;
			sourceTree = "<group>";
		};
		30F69027289E80160056C7FC /* View */ = {
			isa = PBXGroup;
			children = (
				30F68FE7289AB0AA0056C7FC /* MainViewController.swift */,
				304754CF28D32CCD00D88CB7 /* SearchControl */,
				30F6904228A583FA0056C7FC /* SegmentControl */,
				30E7A2F928B3734A00396255 /* PageView */,
			);
			path = View;
			sourceTree = "<group>";
		};
		30F69028289E80270056C7FC /* Presenter */ = {
			isa = PBXGroup;
			children = (
				30F6904728A678840056C7FC /* MainViewModel.swift */,
			);
			path = Presenter;
			sourceTree = "<group>";
		};
		30F69029289E81A30056C7FC /* Coordinator */ = {
			isa = PBXGroup;
			children = (
				30F6902D289FCCB80056C7FC /* MainViewCoordinator.swift */,
				30E7A30C28B6942400396255 /* DetailViewCoordinator.swift */,
				304511C828CDCBFD006D4658 /* MenegementCoordinator.swift */,
			);
			path = Coordinator;
			sourceTree = "<group>";
		};
		30F6903928A3FC110056C7FC /* Utils */ = {
			isa = PBXGroup;
			children = (
				304754C928D322CF00D88CB7 /* Protocol */,
				30E7A2C228AC239E00396255 /* Singleton */,
				30F6903D28A442EA0056C7FC /* Extension */,
			);
			path = Utils;
			sourceTree = "<group>";
		};
		30F6903D28A442EA0056C7FC /* Extension */ = {
			isa = PBXGroup;
			children = (
				30C9590B28C756D200C802DA /* CALayer+Sugar.swift */,
				30E7A2C028AC227500396255 /* Data+Sugar.swift */,
				30E7A30928B6849500396255 /* Date+Sugar.swift */,
				30E7A2EA28B219D200396255 /* Encodable+Sugar.swift */,
				30E7A30528B6832B00396255 /* Int+Sugar.swift */,
				304754C428D0B04400D88CB7 /* UIImage+Sugar.swift */,
				30F6903E28A443040056C7FC /* UIView+Sugar.swift */,
				30E7A30128B403A200396255 /* UIStackView+Sugar.swift */,
				300442D028ABC98C007FF20B /* URLSession.swift */,
				30E7A30728B6847E00396255 /* String+Sugar.swift */,
				3049244528BF741B0026F5BC /* NSMutableAttributedString+Sugar.swift */,
			);
			path = Extension;
			sourceTree = "<group>";
		};
		30F6904228A583FA0056C7FC /* SegmentControl */ = {
			isa = PBXGroup;
			children = (
				30F6904028A578800056C7FC /* SegmentView.swift */,
				30F6903728A3EFEA0056C7FC /* UnderlineSegmentControl.swift */,
			);
			path = SegmentControl;
			sourceTree = "<group>";
		};
		30F6904628A58C380056C7FC /* PageContentView */ = {
			isa = PBXGroup;
			children = (
				300442CB28A99CC5007FF20B /* RecentProductViewController.swift */,
				30E7A2FC28B3799D00396255 /* RandomProductViewController.swift */,
				30E7A2FE28B3939F00396255 /* Cell */,
			);
			path = PageContentView;
			sourceTree = "<group>";
		};
		E8AC81D0A2415236880D2C46 /* Pods */ = {
			isa = PBXGroup;
			children = (
				B896ADE7D6804CF5AABF6FDB /* Pods-ios-malrang-market.debug.xcconfig */,
				3FA8D5EC518A37EB6E8F1F9A /* Pods-ios-malrang-market.release.xcconfig */,
				9A1D1787048934FC842D3F7D /* Pods-ios-malrang-market-ios-malrang-marketUITests.debug.xcconfig */,
				1EEBBD002A56C92B9C130640 /* Pods-ios-malrang-market-ios-malrang-marketUITests.release.xcconfig */,
				54D2D4FC17CC73F11AB1F4FE /* Pods-ios-malrang-marketTests.debug.xcconfig */,
				AFB25DA214ED8399C985743C /* Pods-ios-malrang-marketTests.release.xcconfig */,
			);
			path = Pods;
			sourceTree = "<group>";
		};
		EFD0C567E90618BA54806A3A /* Frameworks */ = {
			isa = PBXGroup;
			children = (
				0AEEE333137F8D3F6D38B457 /* Pods_ios_malrang_market.framework */,
				7A5F98799D2F08C8BAD4B043 /* Pods_ios_malrang_market_ios_malrang_marketUITests.framework */,
				94F45B096B702857EEBB1E54 /* Pods_ios_malrang_marketTests.framework */,
			);
			name = Frameworks;
			sourceTree = "<group>";
		};
/* End PBXGroup section */

/* Begin PBXNativeTarget section */
		30F68FDF289AB0AA0056C7FC /* ios-malrang-market */ = {
			isa = PBXNativeTarget;
			buildConfigurationList = 30F6900A289AB0AA0056C7FC /* Build configuration list for PBXNativeTarget "ios-malrang-market" */;
			buildPhases = (
				A9E8F342A1BA04C60DEB21E9 /* [CP] Check Pods Manifest.lock */,
				30F68FDC289AB0AA0056C7FC /* Sources */,
				30F68FDD289AB0AA0056C7FC /* Frameworks */,
				30F68FDE289AB0AA0056C7FC /* Resources */,
				30F69013289AB1720056C7FC /* ShellScript */,
				CE2CC8AEDE6308239DF30DCD /* [CP] Embed Pods Frameworks */,
			);
			buildRules = (
			);
			dependencies = (
			);
			name = "ios-malrang-market";
			productName = "ios-malrang-market";
			productReference = 30F68FE0289AB0AA0056C7FC /* ios-malrang-market.app */;
			productType = "com.apple.product-type.application";
		};
		30F68FF5289AB0AA0056C7FC /* ios-malrang-marketTests */ = {
			isa = PBXNativeTarget;
			buildConfigurationList = 30F6900D289AB0AA0056C7FC /* Build configuration list for PBXNativeTarget "ios-malrang-marketTests" */;
			buildPhases = (
				D67A2DCBD68B9D3AC89081C4 /* [CP] Check Pods Manifest.lock */,
				30F68FF2289AB0AA0056C7FC /* Sources */,
				30F68FF3289AB0AA0056C7FC /* Frameworks */,
				30F68FF4289AB0AA0056C7FC /* Resources */,
			);
			buildRules = (
			);
			dependencies = (
				30F68FF8289AB0AA0056C7FC /* PBXTargetDependency */,
			);
			name = "ios-malrang-marketTests";
			productName = "ios-malrang-marketTests";
			productReference = 30F68FF6289AB0AA0056C7FC /* ios-malrang-marketTests.xctest */;
			productType = "com.apple.product-type.bundle.unit-test";
		};
		30F68FFF289AB0AA0056C7FC /* ios-malrang-marketUITests */ = {
			isa = PBXNativeTarget;
			buildConfigurationList = 30F69010289AB0AA0056C7FC /* Build configuration list for PBXNativeTarget "ios-malrang-marketUITests" */;
			buildPhases = (
				33803637986CE23801B2E435 /* [CP] Check Pods Manifest.lock */,
				30F68FFC289AB0AA0056C7FC /* Sources */,
				30F68FFD289AB0AA0056C7FC /* Frameworks */,
				30F68FFE289AB0AA0056C7FC /* Resources */,
				7E420CD894315E0FE8779708 /* [CP] Embed Pods Frameworks */,
			);
			buildRules = (
			);
			dependencies = (
				30F69002289AB0AA0056C7FC /* PBXTargetDependency */,
			);
			name = "ios-malrang-marketUITests";
			productName = "ios-malrang-marketUITests";
			productReference = 30F69000289AB0AA0056C7FC /* ios-malrang-marketUITests.xctest */;
			productType = "com.apple.product-type.bundle.ui-testing";
		};
/* End PBXNativeTarget section */

/* Begin PBXProject section */
		30F68FD8289AB0AA0056C7FC /* Project object */ = {
			isa = PBXProject;
			attributes = {
				BuildIndependentTargetsInParallel = 1;
				LastSwiftUpdateCheck = 1330;
				LastUpgradeCheck = 1330;
				TargetAttributes = {
					30F68FDF289AB0AA0056C7FC = {
						CreatedOnToolsVersion = 13.3.1;
					};
					30F68FF5289AB0AA0056C7FC = {
						CreatedOnToolsVersion = 13.3.1;
						TestTargetID = 30F68FDF289AB0AA0056C7FC;
					};
					30F68FFF289AB0AA0056C7FC = {
						CreatedOnToolsVersion = 13.3.1;
						TestTargetID = 30F68FDF289AB0AA0056C7FC;
					};
				};
			};
			buildConfigurationList = 30F68FDB289AB0AA0056C7FC /* Build configuration list for PBXProject "ios-malrang-market" */;
			compatibilityVersion = "Xcode 13.0";
			developmentRegion = en;
			hasScannedForEncodings = 0;
			knownRegions = (
				en,
				Base,
			);
			mainGroup = 30F68FD7289AB0AA0056C7FC;
			productRefGroup = 30F68FE1289AB0AA0056C7FC /* Products */;
			projectDirPath = "";
			projectRoot = "";
			targets = (
				30F68FDF289AB0AA0056C7FC /* ios-malrang-market */,
				30F68FF5289AB0AA0056C7FC /* ios-malrang-marketTests */,
				30F68FFF289AB0AA0056C7FC /* ios-malrang-marketUITests */,
			);
		};
/* End PBXProject section */

/* Begin PBXResourcesBuildPhase section */
		30F68FDE289AB0AA0056C7FC /* Resources */ = {
			isa = PBXResourcesBuildPhase;
			buildActionMask = 2147483647;
			files = (
				30F69017289AB20B0056C7FC /* .swiftlint.yml in Resources */,
				30F68FF0289AB0AA0056C7FC /* LaunchScreen.storyboard in Resources */,
				30F68FED289AB0AA0056C7FC /* Assets.xcassets in Resources */,
			);
			runOnlyForDeploymentPostprocessing = 0;
		};
		30F68FF4289AB0AA0056C7FC /* Resources */ = {
			isa = PBXResourcesBuildPhase;
			buildActionMask = 2147483647;
			files = (
				30F69018289AB20B0056C7FC /* .swiftlint.yml in Resources */,
			);
			runOnlyForDeploymentPostprocessing = 0;
		};
		30F68FFE289AB0AA0056C7FC /* Resources */ = {
			isa = PBXResourcesBuildPhase;
			buildActionMask = 2147483647;
			files = (
				30F69019289AB20B0056C7FC /* .swiftlint.yml in Resources */,
			);
			runOnlyForDeploymentPostprocessing = 0;
		};
/* End PBXResourcesBuildPhase section */

/* Begin PBXShellScriptBuildPhase section */
		30F69013289AB1720056C7FC /* ShellScript */ = {
			isa = PBXShellScriptBuildPhase;
			buildActionMask = 2147483647;
			files = (
			);
			inputFileListPaths = (
			);
			inputPaths = (
			);
			outputFileListPaths = (
			);
			outputPaths = (
			);
			runOnlyForDeploymentPostprocessing = 0;
			shellPath = /bin/sh;
			shellScript = "\"${PODS_ROOT}/SwiftLint/swiftlint\"\n";
		};
		33803637986CE23801B2E435 /* [CP] Check Pods Manifest.lock */ = {
			isa = PBXShellScriptBuildPhase;
			buildActionMask = 2147483647;
			files = (
			);
			inputFileListPaths = (
			);
			inputPaths = (
				"${PODS_PODFILE_DIR_PATH}/Podfile.lock",
				"${PODS_ROOT}/Manifest.lock",
			);
			name = "[CP] Check Pods Manifest.lock";
			outputFileListPaths = (
			);
			outputPaths = (
				"$(DERIVED_FILE_DIR)/Pods-ios-malrang-market-ios-malrang-marketUITests-checkManifestLockResult.txt",
			);
			runOnlyForDeploymentPostprocessing = 0;
			shellPath = /bin/sh;
			shellScript = "diff \"${PODS_PODFILE_DIR_PATH}/Podfile.lock\" \"${PODS_ROOT}/Manifest.lock\" > /dev/null\nif [ $? != 0 ] ; then\n    # print error to STDERR\n    echo \"error: The sandbox is not in sync with the Podfile.lock. Run 'pod install' or update your CocoaPods installation.\" >&2\n    exit 1\nfi\n# This output is used by Xcode 'outputs' to avoid re-running this script phase.\necho \"SUCCESS\" > \"${SCRIPT_OUTPUT_FILE_0}\"\n";
			showEnvVarsInLog = 0;
		};
		7E420CD894315E0FE8779708 /* [CP] Embed Pods Frameworks */ = {
			isa = PBXShellScriptBuildPhase;
			buildActionMask = 2147483647;
			files = (
			);
			inputFileListPaths = (
				"${PODS_ROOT}/Target Support Files/Pods-ios-malrang-market-ios-malrang-marketUITests/Pods-ios-malrang-market-ios-malrang-marketUITests-frameworks-${CONFIGURATION}-input-files.xcfilelist",
			);
			name = "[CP] Embed Pods Frameworks";
			outputFileListPaths = (
				"${PODS_ROOT}/Target Support Files/Pods-ios-malrang-market-ios-malrang-marketUITests/Pods-ios-malrang-market-ios-malrang-marketUITests-frameworks-${CONFIGURATION}-output-files.xcfilelist",
			);
			runOnlyForDeploymentPostprocessing = 0;
			shellPath = /bin/sh;
			shellScript = "\"${PODS_ROOT}/Target Support Files/Pods-ios-malrang-market-ios-malrang-marketUITests/Pods-ios-malrang-market-ios-malrang-marketUITests-frameworks.sh\"\n";
			showEnvVarsInLog = 0;
		};
		A9E8F342A1BA04C60DEB21E9 /* [CP] Check Pods Manifest.lock */ = {
			isa = PBXShellScriptBuildPhase;
			buildActionMask = 2147483647;
			files = (
			);
			inputFileListPaths = (
			);
			inputPaths = (
				"${PODS_PODFILE_DIR_PATH}/Podfile.lock",
				"${PODS_ROOT}/Manifest.lock",
			);
			name = "[CP] Check Pods Manifest.lock";
			outputFileListPaths = (
			);
			outputPaths = (
				"$(DERIVED_FILE_DIR)/Pods-ios-malrang-market-checkManifestLockResult.txt",
			);
			runOnlyForDeploymentPostprocessing = 0;
			shellPath = /bin/sh;
			shellScript = "diff \"${PODS_PODFILE_DIR_PATH}/Podfile.lock\" \"${PODS_ROOT}/Manifest.lock\" > /dev/null\nif [ $? != 0 ] ; then\n    # print error to STDERR\n    echo \"error: The sandbox is not in sync with the Podfile.lock. Run 'pod install' or update your CocoaPods installation.\" >&2\n    exit 1\nfi\n# This output is used by Xcode 'outputs' to avoid re-running this script phase.\necho \"SUCCESS\" > \"${SCRIPT_OUTPUT_FILE_0}\"\n";
			showEnvVarsInLog = 0;
		};
		CE2CC8AEDE6308239DF30DCD /* [CP] Embed Pods Frameworks */ = {
			isa = PBXShellScriptBuildPhase;
			buildActionMask = 2147483647;
			files = (
			);
			inputFileListPaths = (
				"${PODS_ROOT}/Target Support Files/Pods-ios-malrang-market/Pods-ios-malrang-market-frameworks-${CONFIGURATION}-input-files.xcfilelist",
			);
			name = "[CP] Embed Pods Frameworks";
			outputFileListPaths = (
				"${PODS_ROOT}/Target Support Files/Pods-ios-malrang-market/Pods-ios-malrang-market-frameworks-${CONFIGURATION}-output-files.xcfilelist",
			);
			runOnlyForDeploymentPostprocessing = 0;
			shellPath = /bin/sh;
			shellScript = "\"${PODS_ROOT}/Target Support Files/Pods-ios-malrang-market/Pods-ios-malrang-market-frameworks.sh\"\n";
			showEnvVarsInLog = 0;
		};
		D67A2DCBD68B9D3AC89081C4 /* [CP] Check Pods Manifest.lock */ = {
			isa = PBXShellScriptBuildPhase;
			buildActionMask = 2147483647;
			files = (
			);
			inputFileListPaths = (
			);
			inputPaths = (
				"${PODS_PODFILE_DIR_PATH}/Podfile.lock",
				"${PODS_ROOT}/Manifest.lock",
			);
			name = "[CP] Check Pods Manifest.lock";
			outputFileListPaths = (
			);
			outputPaths = (
				"$(DERIVED_FILE_DIR)/Pods-ios-malrang-marketTests-checkManifestLockResult.txt",
			);
			runOnlyForDeploymentPostprocessing = 0;
			shellPath = /bin/sh;
			shellScript = "diff \"${PODS_PODFILE_DIR_PATH}/Podfile.lock\" \"${PODS_ROOT}/Manifest.lock\" > /dev/null\nif [ $? != 0 ] ; then\n    # print error to STDERR\n    echo \"error: The sandbox is not in sync with the Podfile.lock. Run 'pod install' or update your CocoaPods installation.\" >&2\n    exit 1\nfi\n# This output is used by Xcode 'outputs' to avoid re-running this script phase.\necho \"SUCCESS\" > \"${SCRIPT_OUTPUT_FILE_0}\"\n";
			showEnvVarsInLog = 0;
		};
/* End PBXShellScriptBuildPhase section */

/* Begin PBXSourcesBuildPhase section */
		30F68FDC289AB0AA0056C7FC /* Sources */ = {
			isa = PBXSourcesBuildPhase;
			buildActionMask = 2147483647;
			files = (
				30E7A2EB28B219D200396255 /* Encodable+Sugar.swift in Sources */,
				30E7A2BF28ABDA8500396255 /* NetworkError.swift in Sources */,
				30E7A30A28B6849500396255 /* Date+Sugar.swift in Sources */,
				30E7A2C728ACD86A00396255 /* ProductList.swift in Sources */,
				30F6902E289FCCB80056C7FC /* MainViewCoordinator.swift in Sources */,
				3049244628BF741B0026F5BC /* NSMutableAttributedString+Sugar.swift in Sources */,
				30E7A2C128AC227500396255 /* Data+Sugar.swift in Sources */,
				300442CF28AB81A6007FF20B /* NetworkProvider.swift in Sources */,
				30E7A31228B694BD00396255 /* DetailViewController.swift in Sources */,
				30E7A2F628B2812100396255 /* Usecase.swift in Sources */,
				300442CC28A99CC5007FF20B /* RecentProductViewController.swift in Sources */,
				30E7A2E928B1314600396255 /* EndPointStorage.swift in Sources */,
				30E7A2FD28B3799D00396255 /* RandomProductViewController.swift in Sources */,
				30F68FE8289AB0AA0056C7FC /* MainViewController.swift in Sources */,
				30E7A2E528B0E05000396255 /* Requestable.swift in Sources */,
				30F6904F28A930930056C7FC /* AddButton.swift in Sources */,
				304754C528D0B04400D88CB7 /* UIImage+Sugar.swift in Sources */,
				30F6904128A578800056C7FC /* SegmentView.swift in Sources */,
				304511CC28CDDC3F006D4658 /* RegistrationViewController.swift in Sources */,
				30F69030289FCF9A0056C7FC /* AppCoordinator.swift in Sources */,
				30E7A30028B39BBE00396255 /* RecentProductListCell.swift in Sources */,
				304511C928CDCBFD006D4658 /* MenegementCoordinator.swift in Sources */,
				30E7A30828B6847E00396255 /* String+Sugar.swift in Sources */,
				304754D628D3502F00D88CB7 /* SearchResultViewController.swift in Sources */,
				30E7A2FB28B3736200396255 /* Page.swift in Sources */,
				304754C328D09E0900D88CB7 /* MalrangMarketRepositoryProtocol.swift in Sources */,
				30E7A30628B6832C00396255 /* Int+Sugar.swift in Sources */,
				30C9590C28C756D200C802DA /* CALayer+Sugar.swift in Sources */,
				30C958FB28C2333400C802DA /* PagingCollectionViewFlowLayout.swift in Sources */,
				30F6903F28A443040056C7FC /* UIView+Sugar.swift in Sources */,
				30E7A30D28B6942400396255 /* DetailViewCoordinator.swift in Sources */,
				304511C528CDB362006D4658 /* ManagementView.swift in Sources */,
				300442D528ABCFBA007FF20B /* HTTPMethod.swift in Sources */,
				30BA5FBB28CF59FF00D109BC /* ManagementViewModel.swift in Sources */,
				300442D128ABC98C007FF20B /* URLSession.swift in Sources */,
				300442D728ABCFCB007FF20B /* EndPoint.swift in Sources */,
				30E7A2E728B0F59600396255 /* ProductRequest.swift in Sources */,
				30E7A2C428AC23C400396255 /* Json.swift in Sources */,
				30E7A30228B403A200396255 /* UIStackView+Sugar.swift in Sources */,
				30E7A2EF28B271E000396255 /* MalrangMarketRepository.swift in Sources */,
				304754D428D348F400D88CB7 /* SearchedProductCell.swift in Sources */,
				30F6904828A678840056C7FC /* MainViewModel.swift in Sources */,
				3049245228C21AD40026F5BC /* ProductImageCell.swift in Sources */,
				30F68FE4289AB0AA0056C7FC /* AppDelegate.swift in Sources */,
				30E7A30428B5203900396255 /* Formatter.swift in Sources */,
				3049244C28C0A58B0026F5BC /* DetailInfomationView.swift in Sources */,
				30E7A2C928ACDAC800396255 /* ProductDetail.swift in Sources */,
				30E7A31428B69DAC00396255 /* DetailViewModel.swift in Sources */,
				30C958FD28C25E2400C802DA /* AlertBuilder.swift in Sources */,
				30F6904528A58C0D0056C7FC /* PageViewController.swift in Sources */,
				304754C828D0E10300D88CB7 /* EditViewController.swift in Sources */,
				30C9590828C657A200C802DA /* InputError.swift in Sources */,
				304754CB28D322E500D88CB7 /* Notification.swift in Sources */,
				3049244E28C20B660026F5BC /* PagingImageCollectionView.swift in Sources */,
				30F6903828A3EFEA0056C7FC /* UnderlineSegmentControl.swift in Sources */,
				30E7A2ED28B2333800396255 /* UserInfomation.swift in Sources */,
				304754D128D32CEB00D88CB7 /* ProductSearchControl.swift in Sources */,
				3049244A28BFCF850026F5BC /* ProductInfomation.swift in Sources */,
				30F68FE6289AB0AA0056C7FC /* SceneDelegate.swift in Sources */,
				30C9590A28C65D1F00C802DA /* RandomProductListCell.swift in Sources */,
			);
			runOnlyForDeploymentPostprocessing = 0;
		};
		30F68FF2289AB0AA0056C7FC /* Sources */ = {
			isa = PBXSourcesBuildPhase;
			buildActionMask = 2147483647;
			files = (
				30E7A2D128ACEBE500396255 /* MockURLSession.swift in Sources */,
				30F68FFB289AB0AA0056C7FC /* ios_malrang_marketTests.swift in Sources */,
				30E7A2CE28ACEBC700396255 /* MockURLSessionTest.swift in Sources */,
			);
			runOnlyForDeploymentPostprocessing = 0;
		};
		30F68FFC289AB0AA0056C7FC /* Sources */ = {
			isa = PBXSourcesBuildPhase;
			buildActionMask = 2147483647;
			files = (
				30F69005289AB0AA0056C7FC /* ios_malrang_marketUITests.swift in Sources */,
				30F69007289AB0AA0056C7FC /* ios_malrang_marketUITestsLaunchTests.swift in Sources */,
			);
			runOnlyForDeploymentPostprocessing = 0;
		};
/* End PBXSourcesBuildPhase section */

/* Begin PBXTargetDependency section */
		30F68FF8289AB0AA0056C7FC /* PBXTargetDependency */ = {
			isa = PBXTargetDependency;
			target = 30F68FDF289AB0AA0056C7FC /* ios-malrang-market */;
			targetProxy = 30F68FF7289AB0AA0056C7FC /* PBXContainerItemProxy */;
		};
		30F69002289AB0AA0056C7FC /* PBXTargetDependency */ = {
			isa = PBXTargetDependency;
			target = 30F68FDF289AB0AA0056C7FC /* ios-malrang-market */;
			targetProxy = 30F69001289AB0AA0056C7FC /* PBXContainerItemProxy */;
		};
/* End PBXTargetDependency section */

/* Begin PBXVariantGroup section */
		30F68FEE289AB0AA0056C7FC /* LaunchScreen.storyboard */ = {
			isa = PBXVariantGroup;
			children = (
				30F68FEF289AB0AA0056C7FC /* Base */,
			);
			name = LaunchScreen.storyboard;
			sourceTree = "<group>";
		};
/* End PBXVariantGroup section */

/* Begin XCBuildConfiguration section */
		30F69008289AB0AA0056C7FC /* Debug */ = {
			isa = XCBuildConfiguration;
			buildSettings = {
				ALWAYS_SEARCH_USER_PATHS = NO;
				CLANG_ANALYZER_NONNULL = YES;
				CLANG_ANALYZER_NUMBER_OBJECT_CONVERSION = YES_AGGRESSIVE;
				CLANG_CXX_LANGUAGE_STANDARD = "gnu++17";
				CLANG_ENABLE_MODULES = YES;
				CLANG_ENABLE_OBJC_ARC = YES;
				CLANG_ENABLE_OBJC_WEAK = YES;
				CLANG_WARN_BLOCK_CAPTURE_AUTORELEASING = YES;
				CLANG_WARN_BOOL_CONVERSION = YES;
				CLANG_WARN_COMMA = YES;
				CLANG_WARN_CONSTANT_CONVERSION = YES;
				CLANG_WARN_DEPRECATED_OBJC_IMPLEMENTATIONS = YES;
				CLANG_WARN_DIRECT_OBJC_ISA_USAGE = YES_ERROR;
				CLANG_WARN_DOCUMENTATION_COMMENTS = YES;
				CLANG_WARN_EMPTY_BODY = YES;
				CLANG_WARN_ENUM_CONVERSION = YES;
				CLANG_WARN_INFINITE_RECURSION = YES;
				CLANG_WARN_INT_CONVERSION = YES;
				CLANG_WARN_NON_LITERAL_NULL_CONVERSION = YES;
				CLANG_WARN_OBJC_IMPLICIT_RETAIN_SELF = YES;
				CLANG_WARN_OBJC_LITERAL_CONVERSION = YES;
				CLANG_WARN_OBJC_ROOT_CLASS = YES_ERROR;
				CLANG_WARN_QUOTED_INCLUDE_IN_FRAMEWORK_HEADER = YES;
				CLANG_WARN_RANGE_LOOP_ANALYSIS = YES;
				CLANG_WARN_STRICT_PROTOTYPES = YES;
				CLANG_WARN_SUSPICIOUS_MOVE = YES;
				CLANG_WARN_UNGUARDED_AVAILABILITY = YES_AGGRESSIVE;
				CLANG_WARN_UNREACHABLE_CODE = YES;
				CLANG_WARN__DUPLICATE_METHOD_MATCH = YES;
				COPY_PHASE_STRIP = NO;
				DEBUG_INFORMATION_FORMAT = dwarf;
				ENABLE_STRICT_OBJC_MSGSEND = YES;
				ENABLE_TESTABILITY = YES;
				GCC_C_LANGUAGE_STANDARD = gnu11;
				GCC_DYNAMIC_NO_PIC = NO;
				GCC_NO_COMMON_BLOCKS = YES;
				GCC_OPTIMIZATION_LEVEL = 0;
				GCC_PREPROCESSOR_DEFINITIONS = (
					"DEBUG=1",
					"$(inherited)",
				);
				GCC_WARN_64_TO_32_BIT_CONVERSION = YES;
				GCC_WARN_ABOUT_RETURN_TYPE = YES_ERROR;
				GCC_WARN_UNDECLARED_SELECTOR = YES;
				GCC_WARN_UNINITIALIZED_AUTOS = YES_AGGRESSIVE;
				GCC_WARN_UNUSED_FUNCTION = YES;
				GCC_WARN_UNUSED_VARIABLE = YES;
				IPHONEOS_DEPLOYMENT_TARGET = 14.0;
				MTL_ENABLE_DEBUG_INFO = INCLUDE_SOURCE;
				MTL_FAST_MATH = YES;
				ONLY_ACTIVE_ARCH = YES;
				SDKROOT = iphoneos;
				SWIFT_ACTIVE_COMPILATION_CONDITIONS = DEBUG;
				SWIFT_OPTIMIZATION_LEVEL = "-Onone";
			};
			name = Debug;
		};
		30F69009289AB0AA0056C7FC /* Release */ = {
			isa = XCBuildConfiguration;
			buildSettings = {
				ALWAYS_SEARCH_USER_PATHS = NO;
				CLANG_ANALYZER_NONNULL = YES;
				CLANG_ANALYZER_NUMBER_OBJECT_CONVERSION = YES_AGGRESSIVE;
				CLANG_CXX_LANGUAGE_STANDARD = "gnu++17";
				CLANG_ENABLE_MODULES = YES;
				CLANG_ENABLE_OBJC_ARC = YES;
				CLANG_ENABLE_OBJC_WEAK = YES;
				CLANG_WARN_BLOCK_CAPTURE_AUTORELEASING = YES;
				CLANG_WARN_BOOL_CONVERSION = YES;
				CLANG_WARN_COMMA = YES;
				CLANG_WARN_CONSTANT_CONVERSION = YES;
				CLANG_WARN_DEPRECATED_OBJC_IMPLEMENTATIONS = YES;
				CLANG_WARN_DIRECT_OBJC_ISA_USAGE = YES_ERROR;
				CLANG_WARN_DOCUMENTATION_COMMENTS = YES;
				CLANG_WARN_EMPTY_BODY = YES;
				CLANG_WARN_ENUM_CONVERSION = YES;
				CLANG_WARN_INFINITE_RECURSION = YES;
				CLANG_WARN_INT_CONVERSION = YES;
				CLANG_WARN_NON_LITERAL_NULL_CONVERSION = YES;
				CLANG_WARN_OBJC_IMPLICIT_RETAIN_SELF = YES;
				CLANG_WARN_OBJC_LITERAL_CONVERSION = YES;
				CLANG_WARN_OBJC_ROOT_CLASS = YES_ERROR;
				CLANG_WARN_QUOTED_INCLUDE_IN_FRAMEWORK_HEADER = YES;
				CLANG_WARN_RANGE_LOOP_ANALYSIS = YES;
				CLANG_WARN_STRICT_PROTOTYPES = YES;
				CLANG_WARN_SUSPICIOUS_MOVE = YES;
				CLANG_WARN_UNGUARDED_AVAILABILITY = YES_AGGRESSIVE;
				CLANG_WARN_UNREACHABLE_CODE = YES;
				CLANG_WARN__DUPLICATE_METHOD_MATCH = YES;
				COPY_PHASE_STRIP = NO;
				DEBUG_INFORMATION_FORMAT = "dwarf-with-dsym";
				ENABLE_NS_ASSERTIONS = NO;
				ENABLE_STRICT_OBJC_MSGSEND = YES;
				GCC_C_LANGUAGE_STANDARD = gnu11;
				GCC_NO_COMMON_BLOCKS = YES;
				GCC_WARN_64_TO_32_BIT_CONVERSION = YES;
				GCC_WARN_ABOUT_RETURN_TYPE = YES_ERROR;
				GCC_WARN_UNDECLARED_SELECTOR = YES;
				GCC_WARN_UNINITIALIZED_AUTOS = YES_AGGRESSIVE;
				GCC_WARN_UNUSED_FUNCTION = YES;
				GCC_WARN_UNUSED_VARIABLE = YES;
				IPHONEOS_DEPLOYMENT_TARGET = 14.0;
				MTL_ENABLE_DEBUG_INFO = NO;
				MTL_FAST_MATH = YES;
				SDKROOT = iphoneos;
				SWIFT_COMPILATION_MODE = wholemodule;
				SWIFT_OPTIMIZATION_LEVEL = "-O";
				VALIDATE_PRODUCT = YES;
			};
			name = Release;
		};
		30F6900B289AB0AA0056C7FC /* Debug */ = {
			isa = XCBuildConfiguration;
			baseConfigurationReference = B896ADE7D6804CF5AABF6FDB /* Pods-ios-malrang-market.debug.xcconfig */;
			buildSettings = {
				ASSETCATALOG_COMPILER_APPICON_NAME = AppIcon;
				ASSETCATALOG_COMPILER_GLOBAL_ACCENT_COLOR_NAME = AccentColor;
				CODE_SIGN_STYLE = Automatic;
				CURRENT_PROJECT_VERSION = 1;
				GENERATE_INFOPLIST_FILE = YES;
				INFOPLIST_FILE = "ios-malrang-market/Info.plist";
				INFOPLIST_KEY_UIApplicationSupportsIndirectInputEvents = YES;
				INFOPLIST_KEY_UILaunchStoryboardName = LaunchScreen;
				INFOPLIST_KEY_UISupportedInterfaceOrientations_iPad = "UIInterfaceOrientationPortrait UIInterfaceOrientationPortraitUpsideDown UIInterfaceOrientationLandscapeLeft UIInterfaceOrientationLandscapeRight";
				INFOPLIST_KEY_UISupportedInterfaceOrientations_iPhone = "UIInterfaceOrientationPortrait UIInterfaceOrientationLandscapeLeft UIInterfaceOrientationLandscapeRight";
				LD_RUNPATH_SEARCH_PATHS = (
					"$(inherited)",
					"@executable_path/Frameworks",
				);
				MARKETING_VERSION = 1.0;
				PRODUCT_BUNDLE_IDENTIFIER = "malrang.ios-malrang-market";
				PRODUCT_NAME = "$(TARGET_NAME)";
				SWIFT_EMIT_LOC_STRINGS = YES;
				SWIFT_VERSION = 5.0;
				TARGETED_DEVICE_FAMILY = 1;
			};
			name = Debug;
		};
		30F6900C289AB0AA0056C7FC /* Release */ = {
			isa = XCBuildConfiguration;
			baseConfigurationReference = 3FA8D5EC518A37EB6E8F1F9A /* Pods-ios-malrang-market.release.xcconfig */;
			buildSettings = {
				ASSETCATALOG_COMPILER_APPICON_NAME = AppIcon;
				ASSETCATALOG_COMPILER_GLOBAL_ACCENT_COLOR_NAME = AccentColor;
				CODE_SIGN_STYLE = Automatic;
				CURRENT_PROJECT_VERSION = 1;
				GENERATE_INFOPLIST_FILE = YES;
				INFOPLIST_FILE = "ios-malrang-market/Info.plist";
				INFOPLIST_KEY_UIApplicationSupportsIndirectInputEvents = YES;
				INFOPLIST_KEY_UILaunchStoryboardName = LaunchScreen;
				INFOPLIST_KEY_UISupportedInterfaceOrientations_iPad = "UIInterfaceOrientationPortrait UIInterfaceOrientationPortraitUpsideDown UIInterfaceOrientationLandscapeLeft UIInterfaceOrientationLandscapeRight";
				INFOPLIST_KEY_UISupportedInterfaceOrientations_iPhone = "UIInterfaceOrientationPortrait UIInterfaceOrientationLandscapeLeft UIInterfaceOrientationLandscapeRight";
				LD_RUNPATH_SEARCH_PATHS = (
					"$(inherited)",
					"@executable_path/Frameworks",
				);
				MARKETING_VERSION = 1.0;
				PRODUCT_BUNDLE_IDENTIFIER = "malrang.ios-malrang-market";
				PRODUCT_NAME = "$(TARGET_NAME)";
				SWIFT_EMIT_LOC_STRINGS = YES;
				SWIFT_VERSION = 5.0;
				TARGETED_DEVICE_FAMILY = 1;
			};
			name = Release;
		};
		30F6900E289AB0AA0056C7FC /* Debug */ = {
			isa = XCBuildConfiguration;
			baseConfigurationReference = 54D2D4FC17CC73F11AB1F4FE /* Pods-ios-malrang-marketTests.debug.xcconfig */;
			buildSettings = {
				ALWAYS_EMBED_SWIFT_STANDARD_LIBRARIES = YES;
				BUNDLE_LOADER = "$(TEST_HOST)";
				CODE_SIGN_STYLE = Automatic;
				CURRENT_PROJECT_VERSION = 1;
				GENERATE_INFOPLIST_FILE = YES;
				IPHONEOS_DEPLOYMENT_TARGET = 15.4;
				MARKETING_VERSION = 1.0;
				PRODUCT_BUNDLE_IDENTIFIER = "malrang.ios-malrang-marketTests";
				PRODUCT_NAME = "$(TARGET_NAME)";
				SWIFT_EMIT_LOC_STRINGS = NO;
				SWIFT_VERSION = 5.0;
				TARGETED_DEVICE_FAMILY = "1,2";
				TEST_HOST = "$(BUILT_PRODUCTS_DIR)/ios-malrang-market.app/ios-malrang-market";
			};
			name = Debug;
		};
		30F6900F289AB0AA0056C7FC /* Release */ = {
			isa = XCBuildConfiguration;
			baseConfigurationReference = AFB25DA214ED8399C985743C /* Pods-ios-malrang-marketTests.release.xcconfig */;
			buildSettings = {
				ALWAYS_EMBED_SWIFT_STANDARD_LIBRARIES = YES;
				BUNDLE_LOADER = "$(TEST_HOST)";
				CODE_SIGN_STYLE = Automatic;
				CURRENT_PROJECT_VERSION = 1;
				GENERATE_INFOPLIST_FILE = YES;
				IPHONEOS_DEPLOYMENT_TARGET = 15.4;
				MARKETING_VERSION = 1.0;
				PRODUCT_BUNDLE_IDENTIFIER = "malrang.ios-malrang-marketTests";
				PRODUCT_NAME = "$(TARGET_NAME)";
				SWIFT_EMIT_LOC_STRINGS = NO;
				SWIFT_VERSION = 5.0;
				TARGETED_DEVICE_FAMILY = "1,2";
				TEST_HOST = "$(BUILT_PRODUCTS_DIR)/ios-malrang-market.app/ios-malrang-market";
			};
			name = Release;
		};
		30F69011289AB0AA0056C7FC /* Debug */ = {
			isa = XCBuildConfiguration;
			baseConfigurationReference = 9A1D1787048934FC842D3F7D /* Pods-ios-malrang-market-ios-malrang-marketUITests.debug.xcconfig */;
			buildSettings = {
				ALWAYS_EMBED_SWIFT_STANDARD_LIBRARIES = YES;
				CODE_SIGN_STYLE = Automatic;
				CURRENT_PROJECT_VERSION = 1;
				GENERATE_INFOPLIST_FILE = YES;
				MARKETING_VERSION = 1.0;
				PRODUCT_BUNDLE_IDENTIFIER = "malrang.ios-malrang-marketUITests";
				PRODUCT_NAME = "$(TARGET_NAME)";
				SWIFT_EMIT_LOC_STRINGS = NO;
				SWIFT_VERSION = 5.0;
				TARGETED_DEVICE_FAMILY = "1,2";
				TEST_TARGET_NAME = "ios-malrang-market";
			};
			name = Debug;
		};
		30F69012289AB0AA0056C7FC /* Release */ = {
			isa = XCBuildConfiguration;
			baseConfigurationReference = 1EEBBD002A56C92B9C130640 /* Pods-ios-malrang-market-ios-malrang-marketUITests.release.xcconfig */;
			buildSettings = {
				ALWAYS_EMBED_SWIFT_STANDARD_LIBRARIES = YES;
				CODE_SIGN_STYLE = Automatic;
				CURRENT_PROJECT_VERSION = 1;
				GENERATE_INFOPLIST_FILE = YES;
				MARKETING_VERSION = 1.0;
				PRODUCT_BUNDLE_IDENTIFIER = "malrang.ios-malrang-marketUITests";
				PRODUCT_NAME = "$(TARGET_NAME)";
				SWIFT_EMIT_LOC_STRINGS = NO;
				SWIFT_VERSION = 5.0;
				TARGETED_DEVICE_FAMILY = "1,2";
				TEST_TARGET_NAME = "ios-malrang-market";
			};
			name = Release;
		};
/* End XCBuildConfiguration section */

/* Begin XCConfigurationList section */
		30F68FDB289AB0AA0056C7FC /* Build configuration list for PBXProject "ios-malrang-market" */ = {
			isa = XCConfigurationList;
			buildConfigurations = (
				30F69008289AB0AA0056C7FC /* Debug */,
				30F69009289AB0AA0056C7FC /* Release */,
			);
			defaultConfigurationIsVisible = 0;
			defaultConfigurationName = Release;
		};
		30F6900A289AB0AA0056C7FC /* Build configuration list for PBXNativeTarget "ios-malrang-market" */ = {
			isa = XCConfigurationList;
			buildConfigurations = (
				30F6900B289AB0AA0056C7FC /* Debug */,
				30F6900C289AB0AA0056C7FC /* Release */,
			);
			defaultConfigurationIsVisible = 0;
			defaultConfigurationName = Release;
		};
		30F6900D289AB0AA0056C7FC /* Build configuration list for PBXNativeTarget "ios-malrang-marketTests" */ = {
			isa = XCConfigurationList;
			buildConfigurations = (
				30F6900E289AB0AA0056C7FC /* Debug */,
				30F6900F289AB0AA0056C7FC /* Release */,
			);
			defaultConfigurationIsVisible = 0;
			defaultConfigurationName = Release;
		};
		30F69010289AB0AA0056C7FC /* Build configuration list for PBXNativeTarget "ios-malrang-marketUITests" */ = {
			isa = XCConfigurationList;
			buildConfigurations = (
				30F69011289AB0AA0056C7FC /* Debug */,
				30F69012289AB0AA0056C7FC /* Release */,
			);
			defaultConfigurationIsVisible = 0;
			defaultConfigurationName = Release;
		};
/* End XCConfigurationList section */
	};
	rootObject = 30F68FD8289AB0AA0056C7FC /* Project object */;
}
